
Microsoft Visual Studio Solution File, Format Version 12.00
# Visual Studio Version 17
VisualStudioVersion = 17.1.32421.90
MinimumVisualStudioVersion = 10.0.40219.1
Project("{FAE04EC0-301F-11D3-BF4B-00C04F79EFBC}") = "TicketClientApp", "WindowsFormsApp1\TicketClientApp.csproj", "{E4681E77-5E2C-44A0-8BFF-27B52705921C}"
EndProject
Project("{54435603-DBB4-11D2-8724-00A0C9A8B90C}") = "TicketClientAppSetup", "TicketClientAppSetup\TicketClientAppSetup.vdproj", "{A70CBD64-F436-4EEA-8D85-849D69D4ADCE}"
EndProject
Global
	GlobalSection(SolutionConfigurationPlatforms) = preSolution
		Debug|Any CPU = Debug|Any CPU
		Release|Any CPU = Release|Any CPU
	EndGlobalSection
	GlobalSection(ProjectConfigurationPlatforms) = postSolution
		{E4681E77-5E2C-44A0-8BFF-27B52705921C}.Debug|Any CPU.ActiveCfg = Debug|Any CPU
		{E4681E77-5E2C-44A0-8BFF-27B52705921C}.Debug|Any CPU.Build.0 = Debug|Any CPU
		{E4681E77-5E2C-44A0-8BFF-27B52705921C}.Release|Any CPU.ActiveCfg = Release|Any CPU
		{E4681E77-5E2C-44A0-8BFF-27B52705921C}.Release|Any CPU.Build.0 = Release|Any CPU
		{A70CBD64-F436-4EEA-8D85-849D69D4ADCE}.Debug|Any CPU.ActiveCfg = Debug
		{A70CBD64-F436-4EEA-8D85-849D69D4ADCE}.Release|Any CPU.ActiveCfg = Release
	EndGlobalSection
	GlobalSection(SolutionProperties) = preSolution
		HideSolutionNode = FALSE
	EndGlobalSection
	GlobalSection(ExtensibilityGlobals) = postSolution
		SolutionGuid = {C50D6328-4B44-40D9-8529-B44800E53636}
	EndGlobalSection
EndGlobal
